
Microsoft Visual Studio Solution File, Format Version 12.00
# Visual Studio Version 17
VisualStudioVersion = 17.9.34728.123
MinimumVisualStudioVersion = 10.0.40219.1
Project("{FAE04EC0-301F-11D3-BF4B-00C04F79EFBC}") = "Client", "WindowsFormsApp1\Client.csproj", "{5181FB09-96F8-42F4-AE55-22D5CFE51D18}"
EndProject
Project("{FAE04EC0-301F-11D3-BF4B-00C04F79EFBC}") = "server", "server\server.csproj", "{9EB268DD-A26D-4D52-A847-16D0CD2C45F7}"
EndProject
Global
	GlobalSection(SolutionConfigurationPlatforms) = preSolution
		Debug|Any CPU = Debug|Any CPU
		Release|Any CPU = Release|Any CPU
	EndGlobalSection
	GlobalSection(ProjectConfigurationPlatforms) = postSolution
		{5181FB09-96F8-42F4-AE55-22D5CFE51D18}.Debug|Any CPU.ActiveCfg = Debug|Any CPU
		{5181FB09-96F8-42F4-AE55-22D5CFE51D18}.Debug|Any CPU.Build.0 = Debug|Any CPU
		{5181FB09-96F8-42F4-AE55-22D5CFE51D18}.Release|Any CPU.ActiveCfg = Release|Any CPU
		{5181FB09-96F8-42F4-AE55-22D5CFE51D18}.Release|Any CPU.Build.0 = Release|Any CPU
		{9EB268DD-A26D-4D52-A847-16D0CD2C45F7}.Debug|Any CPU.ActiveCfg = Debug|Any CPU
		{9EB268DD-A26D-4D52-A847-16D0CD2C45F7}.Debug|Any CPU.Build.0 = Debug|Any CPU
		{9EB268DD-A26D-4D52-A847-16D0CD2C45F7}.Release|Any CPU.ActiveCfg = Release|Any CPU
		{9EB268DD-A26D-4D52-A847-16D0CD2C45F7}.Release|Any CPU.Build.0 = Release|Any CPU
	EndGlobalSection
	GlobalSection(SolutionProperties) = preSolution
		HideSolutionNode = FALSE
	EndGlobalSection
	GlobalSection(ExtensibilityGlobals) = postSolution
		SolutionGuid = {40A2751C-87EC-4DC2-80B0-8115F5202956}
	EndGlobalSection
EndGlobal
